
Microsoft Visual Studio Solution File, Format Version 12.00
# Visual Studio Version 16
VisualStudioVersion = 16.0.32126.315
MinimumVisualStudioVersion = 10.0.40219.1
Project("{FAE04EC0-301F-11D3-BF4B-00C04F79EFBC}") = "FizzBuzzMVC", "FizzBuzzMVC\FizzBuzzMVC.csproj", "{8E7970F9-6AC2-4EB1-97BB-AC8CBB5CBCF5}"
EndProject
Global
	GlobalSection(SolutionConfigurationPlatforms) = preSolution
		Debug|Any CPU = Debug|Any CPU
		Release|Any CPU = Release|Any CPU
	EndGlobalSection
	GlobalSection(ProjectConfigurationPlatforms) = postSolution
		{8E7970F9-6AC2-4EB1-97BB-AC8CBB5CBCF5}.Debug|Any CPU.ActiveCfg = Debug|Any CPU
		{8E7970F9-6AC2-4EB1-97BB-AC8CBB5CBCF5}.Debug|Any CPU.Build.0 = Debug|Any CPU
		{8E7970F9-6AC2-4EB1-97BB-AC8CBB5CBCF5}.Release|Any CPU.ActiveCfg = Release|Any CPU
		{8E7970F9-6AC2-4EB1-97BB-AC8CBB5CBCF5}.Release|Any CPU.Build.0 = Release|Any CPU
	EndGlobalSection
	GlobalSection(SolutionProperties) = preSolution
		HideSolutionNode = FALSE
	EndGlobalSection
	GlobalSection(ExtensibilityGlobals) = postSolution
		SolutionGuid = {E50AD5E0-35AF-4A03-AD4D-30C84DEA3C36}
	EndGlobalSection
EndGlobal
